
Microsoft Visual Studio Solution File, Format Version 12.00
# Visual Studio Version 17
VisualStudioVersion = 17.11.35327.3
MinimumVisualStudioVersion = 10.0.40219.1
Project("{FAE04EC0-301F-11D3-BF4B-00C04F79EFBC}") = "l", "l\l.csproj", "{98FE30CA-6CDF-4AF5-AB3E-39D56E9181E5}"
EndProject
Global
	GlobalSection(SolutionConfigurationPlatforms) = preSolution
		Debug|Any CPU = Debug|Any CPU
		Release|Any CPU = Release|Any CPU
	EndGlobalSection
	GlobalSection(ProjectConfigurationPlatforms) = postSolution
		{98FE30CA-6CDF-4AF5-AB3E-39D56E9181E5}.Debug|Any CPU.ActiveCfg = Debug|Any CPU
		{98FE30CA-6CDF-4AF5-AB3E-39D56E9181E5}.Debug|Any CPU.Build.0 = Debug|Any CPU
		{98FE30CA-6CDF-4AF5-AB3E-39D56E9181E5}.Release|Any CPU.ActiveCfg = Release|Any CPU
		{98FE30CA-6CDF-4AF5-AB3E-39D56E9181E5}.Release|Any CPU.Build.0 = Release|Any CPU
	EndGlobalSection
	GlobalSection(SolutionProperties) = preSolution
		HideSolutionNode = FALSE
	EndGlobalSection
	GlobalSection(ExtensibilityGlobals) = postSolution
		SolutionGuid = {68E32317-E364-4FA8-88F5-9E30DEB780F6}
	EndGlobalSection
EndGlobal
